{
  "version": 4,
  "terraform_version": "0.12.6",
  "serial": 24,
  "lineage": "70e44ae2-c43e-83c0-5061-dd4c38c46e63",
  "outputs": {},
  "resources": [
    {
      "mode": "managed",
      "type": "azurerm_public_ip",
      "name": "edge_ip",
      "provider": "provider.azurerm",
      "instances": [
        {
          "schema_version": 0,
          "attributes": {
            "allocation_method": "Dynamic",
            "domain_name_label": null,
            "fqdn": null,
            "id": "/subscriptions/9851b6f7-6ddf-4539-b888-da4bd8d469c7/resourceGroups/EdgeResourceGroup/providers/Microsoft.Network/publicIPAddresses/EdgePublicIp",
            "idle_timeout_in_minutes": 4,
            "ip_address": "52.170.35.64",
            "ip_version": "IPv4",
            "location": "eastus",
            "name": "EdgePublicIp",
            "public_ip_address_allocation": "Dynamic",
            "public_ip_prefix_id": null,
            "resource_group_name": "EdgeResourceGroup",
            "reverse_fqdn": null,
            "sku": "Basic",
            "tags": {},
            "zones": []
          },
          "private": "bnVsbA==",
          "depends_on": [
            "azurerm_resource_group.edge_resource_group"
          ]
        }
      ]
    },
    {
      "mode": "managed",
      "type": "azurerm_public_ip",
      "name": "landing_zone_ip",
      "provider": "provider.azurerm",
      "instances": [
        {
          "schema_version": 0,
          "attributes": {
            "allocation_method": "Dynamic",
            "domain_name_label": null,
            "fqdn": null,
            "id": "/subscriptions/9851b6f7-6ddf-4539-b888-da4bd8d469c7/resourceGroups/LandingZoneResourceGroup/providers/Microsoft.Network/publicIPAddresses/LandingZonePublicIp",
            "idle_timeout_in_minutes": 4,
            "ip_address": "168.62.48.113",
            "ip_version": "IPv4",
            "location": "eastus",
            "name": "LandingZonePublicIp",
            "public_ip_address_allocation": "Dynamic",
            "public_ip_prefix_id": null,
            "resource_group_name": "LandingZoneResourceGroup",
            "reverse_fqdn": null,
            "sku": "Basic",
            "tags": {},
            "zones": []
          },
          "private": "bnVsbA==",
          "depends_on": [
            "azurerm_resource_group.landing_zone_resource_group"
          ]
        }
      ]
    },
    {
      "mode": "managed",
      "type": "azurerm_resource_group",
      "name": "edge_resource_group",
      "provider": "provider.azurerm",
      "instances": [
        {
          "schema_version": 0,
          "attributes": {
            "id": "/subscriptions/9851b6f7-6ddf-4539-b888-da4bd8d469c7/resourceGroups/EdgeResourceGroup",
            "location": "eastus",
            "name": "EdgeResourceGroup",
            "tags": {
              "environment": "POC"
            }
          },
          "private": "bnVsbA=="
        }
      ]
    },
    {
      "mode": "managed",
      "type": "azurerm_resource_group",
      "name": "landing_zone_resource_group",
      "provider": "provider.azurerm",
      "instances": [
        {
          "schema_version": 0,
          "attributes": {
            "id": "/subscriptions/9851b6f7-6ddf-4539-b888-da4bd8d469c7/resourceGroups/LandingZoneResourceGroup",
            "location": "eastus",
            "name": "LandingZoneResourceGroup",
            "tags": {
              "environment": "POC"
            }
          },
          "private": "bnVsbA=="
        }
      ]
    },
    {
      "mode": "managed",
      "type": "azurerm_subnet",
      "name": "edge_gateway_subnet",
      "provider": "provider.azurerm",
      "instances": [
        {
          "schema_version": 0,
          "attributes": {
            "address_prefix": "10.1.0.0/24",
            "delegation": [],
            "enforce_private_link_endpoint_network_policies": false,
            "enforce_private_link_service_network_policies": false,
            "id": "/subscriptions/9851b6f7-6ddf-4539-b888-da4bd8d469c7/resourceGroups/EdgeResourceGroup/providers/Microsoft.Network/virtualNetworks/EdgeVirtualNetwork/subnets/GatewaySubnet",
            "ip_configurations": [
              "/subscriptions/9851b6f7-6ddf-4539-b888-da4bd8d469c7/resourceGroups/EdgeResourceGroup/providers/Microsoft.Network/virtualNetworkGateways/EdgeGateway/ipConfigurations/EdgeVnetGatewayConfig"
            ],
            "name": "GatewaySubnet",
            "network_security_group_id": "",
            "resource_group_name": "EdgeResourceGroup",
            "route_table_id": "",
            "service_endpoints": [],
            "virtual_network_name": "EdgeVirtualNetwork"
          },
          "private": "bnVsbA==",
          "depends_on": [
            "azurerm_resource_group.edge_resource_group",
            "azurerm_virtual_network.edge_vnet"
          ]
        }
      ]
    },
    {
      "mode": "managed",
      "type": "azurerm_subnet",
      "name": "landing_zone_gateway_subnet",
      "provider": "provider.azurerm",
      "instances": [
        {
          "schema_version": 0,
          "attributes": {
            "address_prefix": "10.2.0.0/24",
            "delegation": [],
            "enforce_private_link_endpoint_network_policies": false,
            "enforce_private_link_service_network_policies": false,
            "id": "/subscriptions/9851b6f7-6ddf-4539-b888-da4bd8d469c7/resourceGroups/LandingZoneResourceGroup/providers/Microsoft.Network/virtualNetworks/LandingZoneVirtualNetwork/subnets/GatewaySubnet",
            "ip_configurations": [
              "/subscriptions/9851b6f7-6ddf-4539-b888-da4bd8d469c7/resourceGroups/LandingZoneResourceGroup/providers/Microsoft.Network/virtualNetworkGateways/LandingZoneGateway/ipConfigurations/LandingZoneVnetGatewayConfig"
            ],
            "name": "GatewaySubnet",
            "network_security_group_id": "",
            "resource_group_name": "LandingZoneResourceGroup",
            "route_table_id": "",
            "service_endpoints": [],
            "virtual_network_name": "LandingZoneVirtualNetwork"
          },
          "private": "bnVsbA==",
          "depends_on": [
            "azurerm_resource_group.landing_zone_resource_group",
            "azurerm_virtual_network.landing_zone_vnet"
          ]
        }
      ]
    },
    {
      "mode": "managed",
      "type": "azurerm_virtual_network",
      "name": "edge_vnet",
      "provider": "provider.azurerm",
      "instances": [
        {
          "schema_version": 0,
          "attributes": {
            "address_space": [
              "10.1.0.0/24"
            ],
            "ddos_protection_plan": [],
            "dns_servers": [],
            "id": "/subscriptions/9851b6f7-6ddf-4539-b888-da4bd8d469c7/resourceGroups/EdgeResourceGroup/providers/Microsoft.Network/virtualNetworks/EdgeVirtualNetwork",
            "location": "eastus",
            "name": "EdgeVirtualNetwork",
            "resource_group_name": "EdgeResourceGroup",
            "subnet": [
              {
                "address_prefix": "10.1.0.0/24",
                "id": "/subscriptions/9851b6f7-6ddf-4539-b888-da4bd8d469c7/resourceGroups/EdgeResourceGroup/providers/Microsoft.Network/virtualNetworks/EdgeVirtualNetwork/subnets/GatewaySubnet",
                "name": "GatewaySubnet",
                "security_group": ""
              }
            ],
            "tags": {}
          },
          "private": "bnVsbA==",
          "depends_on": [
            "azurerm_resource_group.edge_resource_group"
          ]
        }
      ]
    },
    {
      "mode": "managed",
      "type": "azurerm_virtual_network",
      "name": "landing_zone_vnet",
      "provider": "provider.azurerm",
      "instances": [
        {
          "schema_version": 0,
          "attributes": {
            "address_space": [
              "10.2.0.0/24"
            ],
            "ddos_protection_plan": [],
            "dns_servers": [],
            "id": "/subscriptions/9851b6f7-6ddf-4539-b888-da4bd8d469c7/resourceGroups/LandingZoneResourceGroup/providers/Microsoft.Network/virtualNetworks/LandingZoneVirtualNetwork",
            "location": "eastus",
            "name": "LandingZoneVirtualNetwork",
            "resource_group_name": "LandingZoneResourceGroup",
            "subnet": [
              {
                "address_prefix": "10.2.0.0/24",
                "id": "/subscriptions/9851b6f7-6ddf-4539-b888-da4bd8d469c7/resourceGroups/LandingZoneResourceGroup/providers/Microsoft.Network/virtualNetworks/LandingZoneVirtualNetwork/subnets/GatewaySubnet",
                "name": "GatewaySubnet",
                "security_group": ""
              }
            ],
            "tags": {}
          },
          "private": "bnVsbA==",
          "depends_on": [
            "azurerm_resource_group.landing_zone_resource_group"
          ]
        }
      ]
    },
    {
      "mode": "managed",
      "type": "azurerm_virtual_network_gateway",
      "name": "edge_vnet_gateway",
      "provider": "provider.azurerm",
      "instances": [
        {
          "schema_version": 0,
          "attributes": {
            "active_active": false,
            "bgp_settings": [
              {
                "asn": 65515,
                "peer_weight": 0,
                "peering_address": "10.1.0.254"
              }
            ],
            "default_local_network_gateway_id": null,
            "enable_bgp": false,
            "id": "/subscriptions/9851b6f7-6ddf-4539-b888-da4bd8d469c7/resourceGroups/EdgeResourceGroup/providers/Microsoft.Network/virtualNetworkGateways/EdgeGateway",
            "ip_configuration": [
              {
                "name": "EdgeVnetGatewayConfig",
                "private_ip_address_allocation": "Dynamic",
                "public_ip_address_id": "/subscriptions/9851b6f7-6ddf-4539-b888-da4bd8d469c7/resourceGroups/EdgeResourceGroup/providers/Microsoft.Network/publicIPAddresses/EdgePublicIp",
                "subnet_id": "/subscriptions/9851b6f7-6ddf-4539-b888-da4bd8d469c7/resourceGroups/EdgeResourceGroup/providers/Microsoft.Network/virtualNetworks/EdgeVirtualNetwork/subnets/GatewaySubnet"
              }
            ],
            "location": "eastus",
            "name": "EdgeGateway",
            "resource_group_name": "EdgeResourceGroup",
            "sku": "Basic",
            "tags": {},
            "type": "Vpn",
            "vpn_client_configuration": [],
            "vpn_type": "RouteBased"
          },
          "private": "bnVsbA==",
          "depends_on": [
            "azurerm_public_ip.edge_ip",
            "azurerm_resource_group.edge_resource_group",
            "azurerm_subnet.edge_gateway_subnet"
          ]
        }
      ]
    },
    {
      "mode": "managed",
      "type": "azurerm_virtual_network_gateway",
      "name": "landing_zone_vnet_gateway",
      "provider": "provider.azurerm",
      "instances": [
        {
          "schema_version": 0,
          "attributes": {
            "active_active": false,
            "bgp_settings": [
              {
                "asn": 65515,
                "peer_weight": 0,
                "peering_address": "10.2.0.254"
              }
            ],
            "default_local_network_gateway_id": null,
            "enable_bgp": false,
            "id": "/subscriptions/9851b6f7-6ddf-4539-b888-da4bd8d469c7/resourceGroups/LandingZoneResourceGroup/providers/Microsoft.Network/virtualNetworkGateways/LandingZoneGateway",
            "ip_configuration": [
              {
                "name": "LandingZoneVnetGatewayConfig",
                "private_ip_address_allocation": "Dynamic",
                "public_ip_address_id": "/subscriptions/9851b6f7-6ddf-4539-b888-da4bd8d469c7/resourceGroups/LandingZoneResourceGroup/providers/Microsoft.Network/publicIPAddresses/LandingZonePublicIp",
                "subnet_id": "/subscriptions/9851b6f7-6ddf-4539-b888-da4bd8d469c7/resourceGroups/LandingZoneResourceGroup/providers/Microsoft.Network/virtualNetworks/LandingZoneVirtualNetwork/subnets/GatewaySubnet"
              }
            ],
            "location": "eastus",
            "name": "LandingZoneGateway",
            "resource_group_name": "LandingZoneResourceGroup",
            "sku": "Basic",
            "tags": {},
            "type": "Vpn",
            "vpn_client_configuration": [],
            "vpn_type": "RouteBased"
          },
          "private": "bnVsbA==",
          "depends_on": [
            "azurerm_public_ip.landing_zone_ip",
            "azurerm_resource_group.landing_zone_resource_group",
            "azurerm_subnet.landing_zone_gateway_subnet"
          ]
        }
      ]
    }
  ]
}
